
Microsoft Visual Studio Solution File, Format Version 12.00
# Visual Studio 15
VisualStudioVersion = 15.0.26430.16
MinimumVisualStudioVersion = 10.0.40219.1
Project("{FAE04EC0-301F-11D3-BF4B-00C04F79EFBC}") = "Uvodni", "ConsoleApp1\Uvodni.csproj", "{31F30331-D9D7-4529-9C4C-B096F2654F21}"
EndProject
Project("{FAE04EC0-301F-11D3-BF4B-00C04F79EFBC}") = "Zbroj", "Zbroj\Zbroj.csproj", "{724679B0-A0B6-4D3D-8D73-19546C34213F}"
EndProject
Project("{2150E333-8FDC-42A3-9474-1A3956D46DE8}") = "4.1_Uvod", "4.1_Uvod", "{5DCE18A5-7AC8-4D84-8757-15FE88B99F3C}"
EndProject
Project("{FAE04EC0-301F-11D3-BF4B-00C04F79EFBC}") = "Hello", "ConsoleApp2\Hello.csproj", "{08ABBA5D-74FE-4057-A59E-FDEF261E780C}"
EndProject
Project("{FAE04EC0-301F-11D3-BF4B-00C04F79EFBC}") = "Ispis_brojeva", "Ispis_brojeva\Ispis_brojeva.csproj", "{83824699-8F72-4A23-8C09-86670A8B4EAE}"
EndProject
Project("{FAE04EC0-301F-11D3-BF4B-00C04F79EFBC}") = "Ispis_ledista_i_vrelista_vode", "Ispis_ledista_i_vrelista_vode\Ispis_ledista_i_vrelista_vode.csproj", "{B5487A7F-3841-4CCB-B593-FCF45D27D263}"
EndProject
Project("{2150E333-8FDC-42A3-9474-1A3956D46DE8}") = "5.1_Varijable", "5.1_Varijable", "{7CDC7E3E-CA48-4121-8251-3CB049700C33}"
EndProject
Project("{FAE04EC0-301F-11D3-BF4B-00C04F79EFBC}") = "Zbroj_razlika", "Zbroj_razlika\Zbroj_razlika.csproj", "{95A9D024-54C5-4E4B-8D62-A8F75326C1B9}"
EndProject
Project("{2150E333-8FDC-42A3-9474-1A3956D46DE8}") = "5.2_Uvjetno_grananje", "5.2_Uvjetno_grananje", "{8B43B780-5E09-4A39-9333-67D294946868}"
EndProject
Project("{FAE04EC0-301F-11D3-BF4B-00C04F79EFBC}") = "veci_od", "poz_neg\veci_od.csproj", "{91403C34-B1CA-4843-95D0-1326D3D8EFD3}"
EndProject
Project("{FAE04EC0-301F-11D3-BF4B-00C04F79EFBC}") = "primjer_5.2.1.2.pozitivan", "primjer_5.2.1.2.pozitivan\primjer_5.2.1.2.pozitivan.csproj", "{40F55FCC-AC3F-4375-BA27-A37B084B9E8F}"
EndProject
Project("{FAE04EC0-301F-11D3-BF4B-00C04F79EFBC}") = "5.2.2_Switch_primjer", "5.2.2_Switch_primjer\5.2.2_Switch_primjer.csproj", "{DDC7B608-AFA0-42B8-BE12-39C6AF296400}"
EndProject
Project("{FAE04EC0-301F-11D3-BF4B-00C04F79EFBC}") = "5.2.3_exception", "5.2.3_exception\5.2.3_exception.csproj", "{4D23FFB2-9292-403B-9D7E-436DCF58AC65}"
EndProject
Project("{FAE04EC0-301F-11D3-BF4B-00C04F79EFBC}") = "5.2.4.2 primjer1", "5.2.4.2 primjer1\5.2.4.2 primjer1.csproj", "{04435119-5156-40A1-8F9C-F54083646578}"
EndProject
Project("{FAE04EC0-301F-11D3-BF4B-00C04F79EFBC}") = "5_2_4_3_primjer2", "5_2_4_3_primjer2\5_2_4_3_primjer2.csproj", "{1BA15897-49A7-456C-B4E2-FFD74FF81536}"
EndProject
Project("{FAE04EC0-301F-11D3-BF4B-00C04F79EFBC}") = "switch_HE", "switch_HE\switch_HE.csproj", "{C8A5EA76-2A1D-45AF-AC9D-872764305991}"
EndProject
Project("{FAE04EC0-301F-11D3-BF4B-00C04F79EFBC}") = "5_2_4_3_prirucnik", "5_2_4_3_prirucnik\5_2_4_3_prirucnik.csproj", "{BE4A8FC2-DE60-4CDE-B26C-79A733D37EA9}"
EndProject
Project("{FAE04EC0-301F-11D3-BF4B-00C04F79EFBC}") = "5_2_5_ostatak", "5_2_5_ostatak\5_2_5_ostatak.csproj", "{33F93E71-9890-4F84-B4CE-ADF53DD572D6}"
EndProject
Project("{2150E333-8FDC-42A3-9474-1A3956D46DE8}") = "26_02_zbirka", "26_02_zbirka", "{2FD2A10E-E15E-4178-9817-42D0DAEC0696}"
EndProject
Project("{FAE04EC0-301F-11D3-BF4B-00C04F79EFBC}") = "5_2_4_znamenkasti_broj", "5_2_4_znamenkasti_broj\5_2_4_znamenkasti_broj.csproj", "{DED64F66-05B7-4985-AEFF-891C8E425AD4}"
EndProject
Project("{FAE04EC0-301F-11D3-BF4B-00C04F79EFBC}") = "5_2_3_veliki_broj", "5_2_3_veliki_broj\5_2_3_veliki_broj.csproj", "{B169D402-F0E5-44E0-93EB-D5809AA1638E}"
EndProject
Project("{FAE04EC0-301F-11D3-BF4B-00C04F79EFBC}") = "5_2_5_u_intervalu", "5_2_5_u_intervalu\5_2_5_u_intervalu.csproj", "{5B10F0C1-204A-4FD6-AD43-E9A67D00EAD4}"
EndProject
Project("{FAE04EC0-301F-11D3-BF4B-00C04F79EFBC}") = "5_2_6_dobar_broj_1", "5_2_6_dobar_broj_1\5_2_6_dobar_broj_1.csproj", "{7684B7BC-ADEB-44DE-8E5C-75CE3889D68F}"
EndProject
Project("{FAE04EC0-301F-11D3-BF4B-00C04F79EFBC}") = "5_2_7_dobar_broj_2", "5_2_7_dobar_broj_2\5_2_7_dobar_broj_2.csproj", "{73BA69C7-4065-45B6-B982-1E9234AD5322}"
EndProject
Project("{FAE04EC0-301F-11D3-BF4B-00C04F79EFBC}") = "5_2_8_prijestupna_god", "5_2_8_prijestupna_god\5_2_8_prijestupna_god.csproj", "{8B67CC78-856F-4EAB-873B-826BE8C375ED}"
EndProject
Project("{FAE04EC0-301F-11D3-BF4B-00C04F79EFBC}") = "5_2_9_cjelobrojno_dijeljenje", "5_2_9_cjelobrojno_dijeljenje\5_2_9_cjelobrojno_dijeljenje.csproj", "{E6D78F1D-ED85-49FC-AA57-67CF2E691F04}"
EndProject
Project("{2150E333-8FDC-42A3-9474-1A3956D46DE8}") = "5_3_Ciklicke_Petlje", "5_3_Ciklicke_Petlje", "{126E829E-827A-48C6-9A59-E87B6BACCBB3}"
EndProject
Project("{FAE04EC0-301F-11D3-BF4B-00C04F79EFBC}") = "5_3_1_1", "5_3_1_1\5_3_1_1.csproj", "{ACC74344-AF0D-4D48-B815-0F99EC4EE2AB}"
EndProject
Project("{FAE04EC0-301F-11D3-BF4B-00C04F79EFBC}") = "5_3_1_1_FOR_iz_knjige", "5_3_1_1_iz_knjige\5_3_1_1_FOR_iz_knjige.csproj", "{E267969B-A6D7-43BA-97D8-501CFEEE9EA0}"
EndProject
Project("{FAE04EC0-301F-11D3-BF4B-00C04F79EFBC}") = "5_3_1_3", "5_3_1_3\5_3_1_3.csproj", "{E558F7B1-5EB0-4895-BC26-25D9C01147F0}"
EndProject
Project("{FAE04EC0-301F-11D3-BF4B-00C04F79EFBC}") = "5_3_1_WHILE_iz_knjige", "5_3_1_1_WHILE_iz_knjige\5_3_1_WHILE_iz_knjige.csproj", "{DC1745FD-9B02-4C12-A0F8-B1D33E4950C4}"
EndProject
Project("{FAE04EC0-301F-11D3-BF4B-00C04F79EFBC}") = "5_3_1_neparni_do_20", "5_3_1_neparni_do_20\5_3_1_neparni_do_20.csproj", "{4AF61422-130C-4942-8C64-3EAD50C3D7E1}"
EndProject
Project("{FAE04EC0-301F-11D3-BF4B-00C04F79EFBC}") = "5_3_2_dijeli5", "5_3_2_dijeli5\5_3_2_dijeli5.csproj", "{F54D9412-38E5-475F-B9B0-16D3A1E41630}"
EndProject
Project("{FAE04EC0-301F-11D3-BF4B-00C04F79EFBC}") = "5_3_3_suma100", "5_3_3_suma100\5_3_3_suma100.csproj", "{5767A678-356D-4573-8981-721637E13781}"
EndProject
Project("{2150E333-8FDC-42A3-9474-1A3956D46DE8}") = "27_02_zadaci", "27_02_zadaci", "{4CBD3EB8-435E-455C-9AD8-01AFE9847F61}"
EndProject
Project("{FAE04EC0-301F-11D3-BF4B-00C04F79EFBC}") = "5_3_4_faktorijel", "5_3_4_faktorijel\5_3_4_faktorijel.csproj", "{99A0BE19-0E6B-4415-8620-6A4AD485A487}"
EndProject
Project("{FAE04EC0-301F-11D3-BF4B-00C04F79EFBC}") = "custom_exception", "custom_exception\custom_exception.csproj", "{6DAE1177-81E6-43FB-B03D-0E38D5C05F30}"
EndProject
Project("{FAE04EC0-301F-11D3-BF4B-00C04F79EFBC}") = "5_3_5_djeljiv_s_3_interval", "5_3_5_djeljiv_s_3_interval\5_3_5_djeljiv_s_3_interval.csproj", "{61735DC1-B9EB-4701-8376-013D334FFE19}"
EndProject
Project("{FAE04EC0-301F-11D3-BF4B-00C04F79EFBC}") = "5_3_7_ispis", "5_3_7ispis\5_3_7_ispis.csproj", "{09A5A108-E296-4751-AE36-2DE3F0B73D1C}"
EndProject
Project("{FAE04EC0-301F-11D3-BF4B-00C04F79EFBC}") = "5_3_9_Dijelitelji", "5_3_9_Koliko\5_3_9_Dijelitelji.csproj", "{0BE7BEC1-3C9D-4554-9630-837A5A59487C}"
EndProject
Project("{FAE04EC0-301F-11D3-BF4B-00C04F79EFBC}") = "5_3_11_Savrseni_brojevi", "5_3_11_Savrseni_brojevi\5_3_11_Savrseni_brojevi.csproj", "{F18FFAA2-7A6B-4931-BDAF-15A92A6AAF3A}"
EndProject
Project("{FAE04EC0-301F-11D3-BF4B-00C04F79EFBC}") = "5_3_13_min_MAX", "5_3_13_min_MAX\5_3_13_min_MAX.csproj", "{840E0B59-76DD-4808-B24E-2C0B52F0AE36}"
EndProject
Project("{FAE04EC0-301F-11D3-BF4B-00C04F79EFBC}") = "5_3_15_Ispis_unatrag", "5_3_15_Ispis_unatrag\5_3_15_Ispis_unatrag.csproj", "{0FE80AE9-E388-45A2-A85A-D16640928A28}"
EndProject
Project("{2150E333-8FDC-42A3-9474-1A3956D46DE8}") = "weekend_zadaca_veljaca", "weekend_zadaca_veljaca", "{ED48D43D-76C3-4968-9043-60868F938C74}"
EndProject
Project("{FAE04EC0-301F-11D3-BF4B-00C04F79EFBC}") = "5_3_17_potencije", "5_3_17_potencije\5_3_17_potencije.csproj", "{EFD0E1A9-B766-4CFA-A352-3906F4A8A60E}"
EndProject
Project("{FAE04EC0-301F-11D3-BF4B-00C04F79EFBC}") = "5_3_19_suma", "5_3_19_suma\5_3_19_suma.csproj", "{9F495892-3361-47F4-982B-20171155932B}"
EndProject
Project("{FAE04EC0-301F-11D3-BF4B-00C04F79EFBC}") = "5_3_21_zavrsni_uspjeh", "5_3_21_zavrsni_uspjeh\5_3_21_zavrsni_uspjeh.csproj", "{C8BBC6BE-7359-4E50-8196-D239759965EA}"
EndProject
Project("{FAE04EC0-301F-11D3-BF4B-00C04F79EFBC}") = "5_3_20_parnineparni", "5_3_20_parnineparni\5_3_20_parnineparni.csproj", "{4B0625AF-C242-43DF-8B4F-679976981AFF}"
EndProject
Project("{FAE04EC0-301F-11D3-BF4B-00C04F79EFBC}") = "5_3_6_prijestupne_god", "5_3_6_prijestupne_god\5_3_6_prijestupne_god.csproj", "{E2112C8B-C91A-41D3-B345-E2EBF0A742C5}"
EndProject
Project("{FAE04EC0-301F-11D3-BF4B-00C04F79EFBC}") = "5_3_8_koliko", "5_3_8_koliko\5_3_8_koliko.csproj", "{E26A631C-1DA8-4150-94B1-1ED6C0C8498C}"
EndProject
Project("{FAE04EC0-301F-11D3-BF4B-00C04F79EFBC}") = "5_3_10_savrseni_broj", "5_3_10_savrseni_broj\5_3_10_savrseni_broj.csproj", "{CB65A6FB-7BD5-49D9-84C6-C80A79D589A7}"
EndProject
Project("{FAE04EC0-301F-11D3-BF4B-00C04F79EFBC}") = "5_3_12_suma_prosjek", "5_3_12_suma_prosjek\5_3_12_suma_prosjek.csproj", "{5BB849E6-80E9-4813-9497-18AED35784C3}"
EndProject
Project("{FAE04EC0-301F-11D3-BF4B-00C04F79EFBC}") = "5_3_14_neparni_brojevi", "5_3_14_neparni_brojevi\5_3_14_neparni_brojevi.csproj", "{1E22EF1D-5B68-4623-AC8A-5984AC4DDC13}"
EndProject
Project("{FAE04EC0-301F-11D3-BF4B-00C04F79EFBC}") = "5_3_16_potencije1", "5_3_16_potencije1\5_3_16_potencije1.csproj", "{62C84C70-BC67-49B4-A568-B63E98454AF4}"
EndProject
Project("{FAE04EC0-301F-11D3-BF4B-00C04F79EFBC}") = "5_3_18_unos_cijene", "5_3_18_unos_cijene\5_3_18_unos_cijene.csproj", "{2B9CD76F-D529-4D14-8D44-36ACE6A6FADB}"
EndProject
Project("{FAE04EC0-301F-11D3-BF4B-00C04F79EFBC}") = "5_3_22_kalkulator2", "5_3_22_kalkulator2\5_3_22_kalkulator2.csproj", "{7AAC68FD-6E39-488C-9E63-B52C6CD7F41E}"
EndProject
Project("{2150E333-8FDC-42A3-9474-1A3956D46DE8}") = "6_1_Nizovi", "6_1_Nizovi", "{BB145189-B3E4-4FED-B9CA-FC1969D588BB}"
EndProject
Project("{FAE04EC0-301F-11D3-BF4B-00C04F79EFBC}") = "6_1_1_nizovi_prirucnik", "6_1_1_nizovi_prirucnik\6_1_1_nizovi_prirucnik.csproj", "{CD1C48EF-AE5C-44E9-83D9-8323117A0B7B}"
EndProject
Project("{2150E333-8FDC-42A3-9474-1A3956D46DE8}") = "6_2_Liste", "6_2_Liste", "{5C957C87-FB36-4151-84DB-9089A45037A3}"
EndProject
Project("{FAE04EC0-301F-11D3-BF4B-00C04F79EFBC}") = "6_2_1_arrayList", "6_2_1_arrayList\6_2_1_arrayList.csproj", "{75BC6D54-59EA-4BA8-B9F5-B427A915D1A6}"
EndProject
Project("{FAE04EC0-301F-11D3-BF4B-00C04F79EFBC}") = "6_1_1_Unos-ispis", "6_1_1_Unos-ispis\6_1_1_Unos-ispis.csproj", "{F8E50B74-6A80-4D32-8925-0F27AE5969DB}"
EndProject
Project("{FAE04EC0-301F-11D3-BF4B-00C04F79EFBC}") = "6_1_2_Max", "6_1_2_Max\6_1_2_Max.csproj", "{9FB4845B-4ADF-459E-807B-0640869EB6FA}"
EndProject
Project("{FAE04EC0-301F-11D3-BF4B-00C04F79EFBC}") = "6_2_krivi_format", "6_2_2_par_nepar\6_2_krivi_format.csproj", "{151D813D-BF5B-40A8-84A8-EAEB25E0FCBC}"
EndProject
Project("{FAE04EC0-301F-11D3-BF4B-00C04F79EFBC}") = "6_1_2_2_primjer_exception", "6_1_2_2_primjer_exception\6_1_2_2_primjer_exception.csproj", "{601C87F4-ADB2-4704-A538-E90EC04DED08}"
EndProject
Project("{FAE04EC0-301F-11D3-BF4B-00C04F79EFBC}") = "6_2_generics_primjer", "6_2_generics_primjer\6_2_generics_primjer.csproj", "{C5925E4A-1485-4B0A-95D4-7279CA34616E}"
EndProject
Project("{FAE04EC0-301F-11D3-BF4B-00C04F79EFBC}") = "6_2_2_generics_par_nepar", "6_2_2_generics_par_nepar\6_2_2_generics_par_nepar.csproj", "{003D730E-2EE9-4D07-9B16-A3EA9AD6BABC}"
EndProject
Project("{FAE04EC0-301F-11D3-BF4B-00C04F79EFBC}") = "6_2_3_sort", "6_2_3_sort\6_2_3_sort.csproj", "{D1D5AA89-5068-4137-9513-3C7873F0CB0C}"
EndProject
Project("{FAE04EC0-301F-11D3-BF4B-00C04F79EFBC}") = "6_2_4_Znamenke", "6_2_4_Znamenke\6_2_4_Znamenke.csproj", "{0B1269EE-5E60-426F-94B7-6F640EE7FCC8}"
EndProject
Project("{FAE04EC0-301F-11D3-BF4B-00C04F79EFBC}") = "6_2_4_znamenke_alt", "6_2_2_sort_alternative\6_2_4_znamenke_alt.csproj", "{7F9F9AA6-8EC8-4BFD-8B05-E6D013740AC7}"
EndProject
Project("{FAE04EC0-301F-11D3-BF4B-00C04F79EFBC}") = "6_2_5_prosti_faktor", "6_2_5_prosti_faktor\6_2_5_prosti_faktor.csproj", "{FA8A90DF-93B0-4114-841C-62D9AEDCE302}"
EndProject
Project("{2150E333-8FDC-42A3-9474-1A3956D46DE8}") = "7_1_Procedure", "7_1_Procedure", "{CEF2E704-748B-4B0F-B687-163F6B64741C}"
EndProject
Project("{FAE04EC0-301F-11D3-BF4B-00C04F79EFBC}") = "7_2_potprogrami", "7_2_potprogrami\7_2_potprogrami.csproj", "{5F0F1DEC-B14F-468F-8F2E-64F9DE3A19ED}"
EndProject
Project("{FAE04EC0-301F-11D3-BF4B-00C04F79EFBC}") = "7_2_2_prirucnik_primjer", "7_2_2_prirucnik_primjer\7_2_2_prirucnik_primjer.csproj", "{D91F93FE-5B99-4FE2-B4D2-5317FD4F645E}"
EndProject
Project("{2150E333-8FDC-42A3-9474-1A3956D46DE8}") = "7_2_Potprogrami_zadaci", "7_2_Potprogrami_zadaci", "{A480652B-37D8-4C48-8405-456CBEE68297}"
EndProject
Project("{FAE04EC0-301F-11D3-BF4B-00C04F79EFBC}") = "7_2_1_krug_ZADACA", "7_2_1_krug_ZADACA\7_2_1_krug_ZADACA.csproj", "{9DA3D3F6-5EC8-4BC9-A1BC-D95517982F9A}"
EndProject
Project("{FAE04EC0-301F-11D3-BF4B-00C04F79EFBC}") = "7_2_2_trokut_ZADACA", "7_2_2_trokut_ZADACA\7_2_2_trokut_ZADACA.csproj", "{D7FB33E0-2850-4475-9208-A301633F2EC8}"
EndProject
Project("{FAE04EC0-301F-11D3-BF4B-00C04F79EFBC}") = "7_2_4_Celzij_ZADACA", "7_2_4_Celzij_ZADACA\7_2_4_Celzij_ZADACA.csproj", "{E0167574-0ACC-4AA1-8BF8-22440E91A737}"
EndProject
Project("{FAE04EC0-301F-11D3-BF4B-00C04F79EFBC}") = "7_2_3_kw_ks_ZADACA", "7_2_3_kw_ks_ZADACA\7_2_3_kw_ks_ZADACA.csproj", "{3416A146-0D92-4C51-AC8D-C67BB788417A}"
EndProject
Project("{FAE04EC0-301F-11D3-BF4B-00C04F79EFBC}") = "7_2_5_udaljenost_ZADACA", "7_2_5_udaljenost_ZADACA\7_2_5_udaljenost_ZADACA.csproj", "{9E659B39-C0ED-475E-B637-2DA851217BF5}"
EndProject
Project("{FAE04EC0-301F-11D3-BF4B-00C04F79EFBC}") = "7_2_6_Prost_ZADACA", "7_2_6_Prost_ZADACA\7_2_6_Prost_ZADACA.csproj", "{F7AA8BCE-C24B-4965-AE72-8D1FBF0AC80A}"
EndProject
Project("{FAE04EC0-301F-11D3-BF4B-00C04F79EFBC}") = "7_2_7_Prost2_ZADACA", "7_2_7_Prost2_ZADACA\7_2_7_Prost2_ZADACA.csproj", "{FC01F1CA-F4E1-4DE6-B7B5-80258AE32AF6}"
EndProject
Project("{FAE04EC0-301F-11D3-BF4B-00C04F79EFBC}") = "7_2_8_Faktorijela_ZADACA", "7_2_8_Faktorijela_ZADACA\7_2_8_Faktorijela_ZADACA.csproj", "{CB5DB0CE-3E84-4DB0-8D5E-90D0547FB0DC}"
EndProject
Project("{FAE04EC0-301F-11D3-BF4B-00C04F79EFBC}") = "7_2_9_Prosjek_ZADACA", "7_2_9_Prosjek_ZADACA\7_2_9_Prosjek_ZADACA.csproj", "{B219437B-FC24-4A1A-80F0-7D6EA92E3125}"
EndProject
Project("{FAE04EC0-301F-11D3-BF4B-00C04F79EFBC}") = "7_2_10_Cijena_ZADACA", "7_2_10_Cijena_ZADACA\7_2_10_Cijena_ZADACA.csproj", "{3A5A7A6A-E8C7-409F-8C14-E17CBC0F178F}"
EndProject
Project("{FAE04EC0-301F-11D3-BF4B-00C04F79EFBC}") = "7_2_11_Parnepar_ZADACA", "7_2_11_Parnepar_ZADACA\7_2_11_Parnepar_ZADACA.csproj", "{929C92E5-DBD4-4B59-8C67-2CA3B4795EC1}"
EndProject
Project("{2150E333-8FDC-42A3-9474-1A3956D46DE8}") = "8_1_Objekti", "8_1_Objekti", "{B8403B2F-F732-4F70-8B98-EE2D3BD15F81}"
EndProject
Project("{FAE04EC0-301F-11D3-BF4B-00C04F79EFBC}") = "8_1_objekti", "8_1_objekti\8_1_objekti.csproj", "{C9330C95-917A-4DE6-B7F8-E3061B6E2401}"
EndProject
Project("{FAE04EC0-301F-11D3-BF4B-00C04F79EFBC}") = "8_1_1_Proivod_ZADACA", "8_1_1_Proivod_ZADACA\8_1_1_Proivod_ZADACA.csproj", "{A53D2F4B-BE05-4C32-B33C-849BCF0F5687}"
EndProject
Project("{FAE04EC0-301F-11D3-BF4B-00C04F79EFBC}") = "8_1_2_Automobil_ZADACA", "8_1_2_Automobil_ZADACA\8_1_2_Automobil_ZADACA.csproj", "{75FF9B03-C317-403B-B371-B682775941CE}"
EndProject
Project("{FAE04EC0-301F-11D3-BF4B-00C04F79EFBC}") = "8_1_3_zaposlenik_ZADACA", "8_1_3_zaposlenik_ZADACA\8_1_3_zaposlenik_ZADACA.csproj", "{4EC160A9-FBC7-47A0-A7EC-75C79DEC7CDF}"
EndProject
Project("{FAE04EC0-301F-11D3-BF4B-00C04F79EFBC}") = "8_2_1_Static_ZADACA", "8_2_1_Static_ZADACA\8_2_1_Static_ZADACA.csproj", "{1CC54F42-F1B8-4BFB-9DEC-0F6DDF81B15E}"
EndProject
Project("{2150E333-8FDC-42A3-9474-1A3956D46DE8}") = "8_2_Objekti", "8_2_Objekti", "{326CB333-D120-487B-845C-F350038DFC76}"
EndProject
Project("{FAE04EC0-301F-11D3-BF4B-00C04F79EFBC}") = "8_2_2_1_primjer", "8_2_2_1_primjer\8_2_2_1_primjer.csproj", "{1A2995CE-357B-4BDC-8D1D-83D2131CE49D}"
EndProject
Project("{FAE04EC0-301F-11D3-BF4B-00C04F79EFBC}") = "ZADACA_11_3", "ZADACA_11_3\ZADACA_11_3.csproj", "{81723680-FF7F-4150-9F93-64174DDFCDC1}"
EndProject
Project("{FAE04EC0-301F-11D3-BF4B-00C04F79EFBC}") = "8_2_1_Static_ZADACATests", "8_2_1_Static_ZADACATests\8_2_1_Static_ZADACATests.csproj", "{E5EA9324-0EBD-41D0-9898-7471A8FC1B7F}"
EndProject
Project("{FAE04EC0-301F-11D3-BF4B-00C04F79EFBC}") = "8_2_2_2_out_prirucnik", "8_2_2_2_out_prirucnik\8_2_2_2_out_prirucnik.csproj", "{EEA00E9B-84E7-48D0-A621-EF915F37D5A3}"
EndProject
Project("{FAE04EC0-301F-11D3-BF4B-00C04F79EFBC}") = "8_2_2_3_out_try_parse", "8_2_2_3_out_try_parse\8_2_2_3_out_try_parse.csproj", "{F8649749-99F2-4C1C-AB2D-E9447082E6FD}"
EndProject
Project("{2150E333-8FDC-42A3-9474-1A3956D46DE8}") = "8_3_objekti", "8_3_objekti", "{3F2EFAC7-6213-4643-B828-45E607D646C1}"
EndProject
Project("{FAE04EC0-301F-11D3-BF4B-00C04F79EFBC}") = "8_3_1_nasljedivanje", "8_3_1_nasljedivanje\8_3_1_nasljedivanje.csproj", "{07BD31E5-D48E-4256-9B5A-5F721221BED9}"
EndProject
Project("{FAE04EC0-301F-11D3-BF4B-00C04F79EFBC}") = "Businees_layer", "Businees_layer\Businees_layer.csproj", "{9B8C2BD9-B252-47A2-A30A-D514025A9958}"
EndProject
Project("{FAE04EC0-301F-11D3-BF4B-00C04F79EFBC}") = "primjer_business_layer", "primjer_business_layer\primjer_business_layer.csproj", "{91911CB4-A21F-422A-BEB0-24BAE022BFF6}"
EndProject
Project("{FAE04EC0-301F-11D3-BF4B-00C04F79EFBC}") = "Operateri", "Operateri\Operateri.csproj", "{0767232E-3A55-4A62-B0A9-3F83A878488B}"
EndProject
Project("{2150E333-8FDC-42A3-9474-1A3956D46DE8}") = "8_5_događaji", "8_5_događaji", "{4BB30918-5DB3-4494-BD28-49FE5CDFCD34}"
EndProject
Project("{FAE04EC0-301F-11D3-BF4B-00C04F79EFBC}") = "8_5_1_dog_primjer", "8_5_1_dog_primjer\8_5_1_dog_primjer.csproj", "{2A4A547F-523E-41BB-8A15-639AC628DD7C}"
EndProject
Project("{2150E333-8FDC-42A3-9474-1A3956D46DE8}") = "9_1_klasa_string", "9_1_klasa_string", "{32D31AB8-1C24-4A90-9650-A4ECA47E5CE5}"
EndProject
Project("{FAE04EC0-301F-11D3-BF4B-00C04F79EFBC}") = "9_1_string", "9_1_string\9_1_string.csproj", "{5A04F320-797F-49D3-878A-EDED74A91FDE}"
EndProject
Project("{2150E333-8FDC-42A3-9474-1A3956D46DE8}") = "10_1_Datoteke", "10_1_Datoteke", "{7C7FDB40-74AD-4A16-A9B4-FBD0C71F0865}"
EndProject
Project("{FAE04EC0-301F-11D3-BF4B-00C04F79EFBC}") = "10_1_1_primjer", "10_1_1_primjer\10_1_1_primjer.csproj", "{625E1C31-290A-44D9-8FC9-1366BD289AF9}"
EndProject
Project("{FAE04EC0-301F-11D3-BF4B-00C04F79EFBC}") = "10_1_2_path_primjer", "10_1_2_path_primjer\10_1_2_path_primjer.csproj", "{7D8C9202-D27B-434E-A751-581956942B4C}"
EndProject
Project("{FAE04EC0-301F-11D3-BF4B-00C04F79EFBC}") = "10_1_2_3-7", "10_1_2_3-7\10_1_2_3-7.csproj", "{F0540F87-B836-4092-925E-F915F8BA5693}"
EndProject
Project("{2150E333-8FDC-42A3-9474-1A3956D46DE8}") = "11_1_LINQ", "11_1_LINQ", "{4A695795-B2D1-4389-80CB-8889FF2631A0}"
EndProject
Project("{FAE04EC0-301F-11D3-BF4B-00C04F79EFBC}") = "11_2_linq", "11_2_linq\11_2_linq.csproj", "{9B152A6D-0126-4E41-B016-CF5E4F05C0B8}"
EndProject
Project("{2150E333-8FDC-42A3-9474-1A3956D46DE8}") = "domaci_uradak", "domaci_uradak", "{C05F4191-6E8E-4AF6-845A-32FF2DF5E1E4}"
EndProject
Project("{FAE04EC0-301F-11D3-BF4B-00C04F79EFBC}") = "unesi", "unesi\unesi.csproj", "{69E01144-77FD-4E55-ABDC-28546CE41A1A}"
EndProject
Project("{FAE04EC0-301F-11D3-BF4B-00C04F79EFBC}") = "Palindrom", "Palindrom\Palindrom.csproj", "{791A1032-93C1-460B-B882-92DD6C219A12}"
EndProject
Project("{FAE04EC0-301F-11D3-BF4B-00C04F79EFBC}") = "osoba_text", "osoba_text\osoba_text.csproj", "{AFF06B36-86E2-4C74-B0C3-4517192D1245}"
EndProject
Project("{FAE04EC0-301F-11D3-BF4B-00C04F79EFBC}") = "rodjenje", "rodjenje\rodjenje.csproj", "{D47D526C-1B15-46B8-8379-6683638AF5CA}"
EndProject
Global
	GlobalSection(SolutionConfigurationPlatforms) = preSolution
		Debug|Any CPU = Debug|Any CPU
		Release|Any CPU = Release|Any CPU
	EndGlobalSection
	GlobalSection(ProjectConfigurationPlatforms) = postSolution
		{31F30331-D9D7-4529-9C4C-B096F2654F21}.Debug|Any CPU.ActiveCfg = Debug|Any CPU
		{31F30331-D9D7-4529-9C4C-B096F2654F21}.Debug|Any CPU.Build.0 = Debug|Any CPU
		{31F30331-D9D7-4529-9C4C-B096F2654F21}.Release|Any CPU.ActiveCfg = Release|Any CPU
		{31F30331-D9D7-4529-9C4C-B096F2654F21}.Release|Any CPU.Build.0 = Release|Any CPU
		{724679B0-A0B6-4D3D-8D73-19546C34213F}.Debug|Any CPU.ActiveCfg = Debug|Any CPU
		{724679B0-A0B6-4D3D-8D73-19546C34213F}.Debug|Any CPU.Build.0 = Debug|Any CPU
		{724679B0-A0B6-4D3D-8D73-19546C34213F}.Release|Any CPU.ActiveCfg = Release|Any CPU
		{724679B0-A0B6-4D3D-8D73-19546C34213F}.Release|Any CPU.Build.0 = Release|Any CPU
		{08ABBA5D-74FE-4057-A59E-FDEF261E780C}.Debug|Any CPU.ActiveCfg = Debug|Any CPU
		{08ABBA5D-74FE-4057-A59E-FDEF261E780C}.Debug|Any CPU.Build.0 = Debug|Any CPU
		{08ABBA5D-74FE-4057-A59E-FDEF261E780C}.Release|Any CPU.ActiveCfg = Release|Any CPU
		{08ABBA5D-74FE-4057-A59E-FDEF261E780C}.Release|Any CPU.Build.0 = Release|Any CPU
		{83824699-8F72-4A23-8C09-86670A8B4EAE}.Debug|Any CPU.ActiveCfg = Debug|Any CPU
		{83824699-8F72-4A23-8C09-86670A8B4EAE}.Debug|Any CPU.Build.0 = Debug|Any CPU
		{83824699-8F72-4A23-8C09-86670A8B4EAE}.Release|Any CPU.ActiveCfg = Release|Any CPU
		{83824699-8F72-4A23-8C09-86670A8B4EAE}.Release|Any CPU.Build.0 = Release|Any CPU
		{B5487A7F-3841-4CCB-B593-FCF45D27D263}.Debug|Any CPU.ActiveCfg = Debug|Any CPU
		{B5487A7F-3841-4CCB-B593-FCF45D27D263}.Debug|Any CPU.Build.0 = Debug|Any CPU
		{B5487A7F-3841-4CCB-B593-FCF45D27D263}.Release|Any CPU.ActiveCfg = Release|Any CPU
		{B5487A7F-3841-4CCB-B593-FCF45D27D263}.Release|Any CPU.Build.0 = Release|Any CPU
		{95A9D024-54C5-4E4B-8D62-A8F75326C1B9}.Debug|Any CPU.ActiveCfg = Debug|Any CPU
		{95A9D024-54C5-4E4B-8D62-A8F75326C1B9}.Debug|Any CPU.Build.0 = Debug|Any CPU
		{95A9D024-54C5-4E4B-8D62-A8F75326C1B9}.Release|Any CPU.ActiveCfg = Release|Any CPU
		{95A9D024-54C5-4E4B-8D62-A8F75326C1B9}.Release|Any CPU.Build.0 = Release|Any CPU
		{91403C34-B1CA-4843-95D0-1326D3D8EFD3}.Debug|Any CPU.ActiveCfg = Debug|Any CPU
		{91403C34-B1CA-4843-95D0-1326D3D8EFD3}.Debug|Any CPU.Build.0 = Debug|Any CPU
		{91403C34-B1CA-4843-95D0-1326D3D8EFD3}.Release|Any CPU.ActiveCfg = Release|Any CPU
		{91403C34-B1CA-4843-95D0-1326D3D8EFD3}.Release|Any CPU.Build.0 = Release|Any CPU
		{40F55FCC-AC3F-4375-BA27-A37B084B9E8F}.Debug|Any CPU.ActiveCfg = Debug|Any CPU
		{40F55FCC-AC3F-4375-BA27-A37B084B9E8F}.Debug|Any CPU.Build.0 = Debug|Any CPU
		{40F55FCC-AC3F-4375-BA27-A37B084B9E8F}.Release|Any CPU.ActiveCfg = Release|Any CPU
		{40F55FCC-AC3F-4375-BA27-A37B084B9E8F}.Release|Any CPU.Build.0 = Release|Any CPU
		{DDC7B608-AFA0-42B8-BE12-39C6AF296400}.Debug|Any CPU.ActiveCfg = Debug|Any CPU
		{DDC7B608-AFA0-42B8-BE12-39C6AF296400}.Debug|Any CPU.Build.0 = Debug|Any CPU
		{DDC7B608-AFA0-42B8-BE12-39C6AF296400}.Release|Any CPU.ActiveCfg = Release|Any CPU
		{DDC7B608-AFA0-42B8-BE12-39C6AF296400}.Release|Any CPU.Build.0 = Release|Any CPU
		{4D23FFB2-9292-403B-9D7E-436DCF58AC65}.Debug|Any CPU.ActiveCfg = Debug|Any CPU
		{4D23FFB2-9292-403B-9D7E-436DCF58AC65}.Debug|Any CPU.Build.0 = Debug|Any CPU
		{4D23FFB2-9292-403B-9D7E-436DCF58AC65}.Release|Any CPU.ActiveCfg = Release|Any CPU
		{4D23FFB2-9292-403B-9D7E-436DCF58AC65}.Release|Any CPU.Build.0 = Release|Any CPU
		{04435119-5156-40A1-8F9C-F54083646578}.Debug|Any CPU.ActiveCfg = Debug|Any CPU
		{04435119-5156-40A1-8F9C-F54083646578}.Debug|Any CPU.Build.0 = Debug|Any CPU
		{04435119-5156-40A1-8F9C-F54083646578}.Release|Any CPU.ActiveCfg = Release|Any CPU
		{04435119-5156-40A1-8F9C-F54083646578}.Release|Any CPU.Build.0 = Release|Any CPU
		{1BA15897-49A7-456C-B4E2-FFD74FF81536}.Debug|Any CPU.ActiveCfg = Debug|Any CPU
		{1BA15897-49A7-456C-B4E2-FFD74FF81536}.Debug|Any CPU.Build.0 = Debug|Any CPU
		{1BA15897-49A7-456C-B4E2-FFD74FF81536}.Release|Any CPU.ActiveCfg = Release|Any CPU
		{1BA15897-49A7-456C-B4E2-FFD74FF81536}.Release|Any CPU.Build.0 = Release|Any CPU
		{C8A5EA76-2A1D-45AF-AC9D-872764305991}.Debug|Any CPU.ActiveCfg = Debug|Any CPU
		{C8A5EA76-2A1D-45AF-AC9D-872764305991}.Debug|Any CPU.Build.0 = Debug|Any CPU
		{C8A5EA76-2A1D-45AF-AC9D-872764305991}.Release|Any CPU.ActiveCfg = Release|Any CPU
		{C8A5EA76-2A1D-45AF-AC9D-872764305991}.Release|Any CPU.Build.0 = Release|Any CPU
		{BE4A8FC2-DE60-4CDE-B26C-79A733D37EA9}.Debug|Any CPU.ActiveCfg = Debug|Any CPU
		{BE4A8FC2-DE60-4CDE-B26C-79A733D37EA9}.Debug|Any CPU.Build.0 = Debug|Any CPU
		{BE4A8FC2-DE60-4CDE-B26C-79A733D37EA9}.Release|Any CPU.ActiveCfg = Release|Any CPU
		{BE4A8FC2-DE60-4CDE-B26C-79A733D37EA9}.Release|Any CPU.Build.0 = Release|Any CPU
		{33F93E71-9890-4F84-B4CE-ADF53DD572D6}.Debug|Any CPU.ActiveCfg = Debug|Any CPU
		{33F93E71-9890-4F84-B4CE-ADF53DD572D6}.Debug|Any CPU.Build.0 = Debug|Any CPU
		{33F93E71-9890-4F84-B4CE-ADF53DD572D6}.Release|Any CPU.ActiveCfg = Release|Any CPU
		{33F93E71-9890-4F84-B4CE-ADF53DD572D6}.Release|Any CPU.Build.0 = Release|Any CPU
		{DED64F66-05B7-4985-AEFF-891C8E425AD4}.Debug|Any CPU.ActiveCfg = Debug|Any CPU
		{DED64F66-05B7-4985-AEFF-891C8E425AD4}.Debug|Any CPU.Build.0 = Debug|Any CPU
		{DED64F66-05B7-4985-AEFF-891C8E425AD4}.Release|Any CPU.ActiveCfg = Release|Any CPU
		{DED64F66-05B7-4985-AEFF-891C8E425AD4}.Release|Any CPU.Build.0 = Release|Any CPU
		{B169D402-F0E5-44E0-93EB-D5809AA1638E}.Debug|Any CPU.ActiveCfg = Debug|Any CPU
		{B169D402-F0E5-44E0-93EB-D5809AA1638E}.Debug|Any CPU.Build.0 = Debug|Any CPU
		{B169D402-F0E5-44E0-93EB-D5809AA1638E}.Release|Any CPU.ActiveCfg = Release|Any CPU
		{B169D402-F0E5-44E0-93EB-D5809AA1638E}.Release|Any CPU.Build.0 = Release|Any CPU
		{5B10F0C1-204A-4FD6-AD43-E9A67D00EAD4}.Debug|Any CPU.ActiveCfg = Debug|Any CPU
		{5B10F0C1-204A-4FD6-AD43-E9A67D00EAD4}.Debug|Any CPU.Build.0 = Debug|Any CPU
		{5B10F0C1-204A-4FD6-AD43-E9A67D00EAD4}.Release|Any CPU.ActiveCfg = Release|Any CPU
		{5B10F0C1-204A-4FD6-AD43-E9A67D00EAD4}.Release|Any CPU.Build.0 = Release|Any CPU
		{7684B7BC-ADEB-44DE-8E5C-75CE3889D68F}.Debug|Any CPU.ActiveCfg = Debug|Any CPU
		{7684B7BC-ADEB-44DE-8E5C-75CE3889D68F}.Debug|Any CPU.Build.0 = Debug|Any CPU
		{7684B7BC-ADEB-44DE-8E5C-75CE3889D68F}.Release|Any CPU.ActiveCfg = Release|Any CPU
		{7684B7BC-ADEB-44DE-8E5C-75CE3889D68F}.Release|Any CPU.Build.0 = Release|Any CPU
		{73BA69C7-4065-45B6-B982-1E9234AD5322}.Debug|Any CPU.ActiveCfg = Debug|Any CPU
		{73BA69C7-4065-45B6-B982-1E9234AD5322}.Debug|Any CPU.Build.0 = Debug|Any CPU
		{73BA69C7-4065-45B6-B982-1E9234AD5322}.Release|Any CPU.ActiveCfg = Release|Any CPU
		{73BA69C7-4065-45B6-B982-1E9234AD5322}.Release|Any CPU.Build.0 = Release|Any CPU
		{8B67CC78-856F-4EAB-873B-826BE8C375ED}.Debug|Any CPU.ActiveCfg = Debug|Any CPU
		{8B67CC78-856F-4EAB-873B-826BE8C375ED}.Debug|Any CPU.Build.0 = Debug|Any CPU
		{8B67CC78-856F-4EAB-873B-826BE8C375ED}.Release|Any CPU.ActiveCfg = Release|Any CPU
		{8B67CC78-856F-4EAB-873B-826BE8C375ED}.Release|Any CPU.Build.0 = Release|Any CPU
		{E6D78F1D-ED85-49FC-AA57-67CF2E691F04}.Debug|Any CPU.ActiveCfg = Debug|Any CPU
		{E6D78F1D-ED85-49FC-AA57-67CF2E691F04}.Debug|Any CPU.Build.0 = Debug|Any CPU
		{E6D78F1D-ED85-49FC-AA57-67CF2E691F04}.Release|Any CPU.ActiveCfg = Release|Any CPU
		{E6D78F1D-ED85-49FC-AA57-67CF2E691F04}.Release|Any CPU.Build.0 = Release|Any CPU
		{ACC74344-AF0D-4D48-B815-0F99EC4EE2AB}.Debug|Any CPU.ActiveCfg = Debug|Any CPU
		{ACC74344-AF0D-4D48-B815-0F99EC4EE2AB}.Debug|Any CPU.Build.0 = Debug|Any CPU
		{ACC74344-AF0D-4D48-B815-0F99EC4EE2AB}.Release|Any CPU.ActiveCfg = Release|Any CPU
		{ACC74344-AF0D-4D48-B815-0F99EC4EE2AB}.Release|Any CPU.Build.0 = Release|Any CPU
		{E267969B-A6D7-43BA-97D8-501CFEEE9EA0}.Debug|Any CPU.ActiveCfg = Debug|Any CPU
		{E267969B-A6D7-43BA-97D8-501CFEEE9EA0}.Debug|Any CPU.Build.0 = Debug|Any CPU
		{E267969B-A6D7-43BA-97D8-501CFEEE9EA0}.Release|Any CPU.ActiveCfg = Release|Any CPU
		{E267969B-A6D7-43BA-97D8-501CFEEE9EA0}.Release|Any CPU.Build.0 = Release|Any CPU
		{E558F7B1-5EB0-4895-BC26-25D9C01147F0}.Debug|Any CPU.ActiveCfg = Debug|Any CPU
		{E558F7B1-5EB0-4895-BC26-25D9C01147F0}.Debug|Any CPU.Build.0 = Debug|Any CPU
		{E558F7B1-5EB0-4895-BC26-25D9C01147F0}.Release|Any CPU.ActiveCfg = Release|Any CPU
		{E558F7B1-5EB0-4895-BC26-25D9C01147F0}.Release|Any CPU.Build.0 = Release|Any CPU
		{DC1745FD-9B02-4C12-A0F8-B1D33E4950C4}.Debug|Any CPU.ActiveCfg = Debug|Any CPU
		{DC1745FD-9B02-4C12-A0F8-B1D33E4950C4}.Debug|Any CPU.Build.0 = Debug|Any CPU
		{DC1745FD-9B02-4C12-A0F8-B1D33E4950C4}.Release|Any CPU.ActiveCfg = Release|Any CPU
		{DC1745FD-9B02-4C12-A0F8-B1D33E4950C4}.Release|Any CPU.Build.0 = Release|Any CPU
		{4AF61422-130C-4942-8C64-3EAD50C3D7E1}.Debug|Any CPU.ActiveCfg = Debug|Any CPU
		{4AF61422-130C-4942-8C64-3EAD50C3D7E1}.Debug|Any CPU.Build.0 = Debug|Any CPU
		{4AF61422-130C-4942-8C64-3EAD50C3D7E1}.Release|Any CPU.ActiveCfg = Release|Any CPU
		{4AF61422-130C-4942-8C64-3EAD50C3D7E1}.Release|Any CPU.Build.0 = Release|Any CPU
		{F54D9412-38E5-475F-B9B0-16D3A1E41630}.Debug|Any CPU.ActiveCfg = Debug|Any CPU
		{F54D9412-38E5-475F-B9B0-16D3A1E41630}.Debug|Any CPU.Build.0 = Debug|Any CPU
		{F54D9412-38E5-475F-B9B0-16D3A1E41630}.Release|Any CPU.ActiveCfg = Release|Any CPU
		{F54D9412-38E5-475F-B9B0-16D3A1E41630}.Release|Any CPU.Build.0 = Release|Any CPU
		{5767A678-356D-4573-8981-721637E13781}.Debug|Any CPU.ActiveCfg = Debug|Any CPU
		{5767A678-356D-4573-8981-721637E13781}.Debug|Any CPU.Build.0 = Debug|Any CPU
		{5767A678-356D-4573-8981-721637E13781}.Release|Any CPU.ActiveCfg = Release|Any CPU
		{5767A678-356D-4573-8981-721637E13781}.Release|Any CPU.Build.0 = Release|Any CPU
		{99A0BE19-0E6B-4415-8620-6A4AD485A487}.Debug|Any CPU.ActiveCfg = Debug|Any CPU
		{99A0BE19-0E6B-4415-8620-6A4AD485A487}.Debug|Any CPU.Build.0 = Debug|Any CPU
		{99A0BE19-0E6B-4415-8620-6A4AD485A487}.Release|Any CPU.ActiveCfg = Release|Any CPU
		{99A0BE19-0E6B-4415-8620-6A4AD485A487}.Release|Any CPU.Build.0 = Release|Any CPU
		{6DAE1177-81E6-43FB-B03D-0E38D5C05F30}.Debug|Any CPU.ActiveCfg = Debug|Any CPU
		{6DAE1177-81E6-43FB-B03D-0E38D5C05F30}.Debug|Any CPU.Build.0 = Debug|Any CPU
		{6DAE1177-81E6-43FB-B03D-0E38D5C05F30}.Release|Any CPU.ActiveCfg = Release|Any CPU
		{6DAE1177-81E6-43FB-B03D-0E38D5C05F30}.Release|Any CPU.Build.0 = Release|Any CPU
		{61735DC1-B9EB-4701-8376-013D334FFE19}.Debug|Any CPU.ActiveCfg = Debug|Any CPU
		{61735DC1-B9EB-4701-8376-013D334FFE19}.Debug|Any CPU.Build.0 = Debug|Any CPU
		{61735DC1-B9EB-4701-8376-013D334FFE19}.Release|Any CPU.ActiveCfg = Release|Any CPU
		{61735DC1-B9EB-4701-8376-013D334FFE19}.Release|Any CPU.Build.0 = Release|Any CPU
		{09A5A108-E296-4751-AE36-2DE3F0B73D1C}.Debug|Any CPU.ActiveCfg = Debug|Any CPU
		{09A5A108-E296-4751-AE36-2DE3F0B73D1C}.Debug|Any CPU.Build.0 = Debug|Any CPU
		{09A5A108-E296-4751-AE36-2DE3F0B73D1C}.Release|Any CPU.ActiveCfg = Release|Any CPU
		{09A5A108-E296-4751-AE36-2DE3F0B73D1C}.Release|Any CPU.Build.0 = Release|Any CPU
		{0BE7BEC1-3C9D-4554-9630-837A5A59487C}.Debug|Any CPU.ActiveCfg = Debug|Any CPU
		{0BE7BEC1-3C9D-4554-9630-837A5A59487C}.Debug|Any CPU.Build.0 = Debug|Any CPU
		{0BE7BEC1-3C9D-4554-9630-837A5A59487C}.Release|Any CPU.ActiveCfg = Release|Any CPU
		{0BE7BEC1-3C9D-4554-9630-837A5A59487C}.Release|Any CPU.Build.0 = Release|Any CPU
		{F18FFAA2-7A6B-4931-BDAF-15A92A6AAF3A}.Debug|Any CPU.ActiveCfg = Debug|Any CPU
		{F18FFAA2-7A6B-4931-BDAF-15A92A6AAF3A}.Debug|Any CPU.Build.0 = Debug|Any CPU
		{F18FFAA2-7A6B-4931-BDAF-15A92A6AAF3A}.Release|Any CPU.ActiveCfg = Release|Any CPU
		{F18FFAA2-7A6B-4931-BDAF-15A92A6AAF3A}.Release|Any CPU.Build.0 = Release|Any CPU
		{840E0B59-76DD-4808-B24E-2C0B52F0AE36}.Debug|Any CPU.ActiveCfg = Debug|Any CPU
		{840E0B59-76DD-4808-B24E-2C0B52F0AE36}.Debug|Any CPU.Build.0 = Debug|Any CPU
		{840E0B59-76DD-4808-B24E-2C0B52F0AE36}.Release|Any CPU.ActiveCfg = Release|Any CPU
		{840E0B59-76DD-4808-B24E-2C0B52F0AE36}.Release|Any CPU.Build.0 = Release|Any CPU
		{0FE80AE9-E388-45A2-A85A-D16640928A28}.Debug|Any CPU.ActiveCfg = Debug|Any CPU
		{0FE80AE9-E388-45A2-A85A-D16640928A28}.Debug|Any CPU.Build.0 = Debug|Any CPU
		{0FE80AE9-E388-45A2-A85A-D16640928A28}.Release|Any CPU.ActiveCfg = Release|Any CPU
		{0FE80AE9-E388-45A2-A85A-D16640928A28}.Release|Any CPU.Build.0 = Release|Any CPU
		{EFD0E1A9-B766-4CFA-A352-3906F4A8A60E}.Debug|Any CPU.ActiveCfg = Debug|Any CPU
		{EFD0E1A9-B766-4CFA-A352-3906F4A8A60E}.Debug|Any CPU.Build.0 = Debug|Any CPU
		{EFD0E1A9-B766-4CFA-A352-3906F4A8A60E}.Release|Any CPU.ActiveCfg = Release|Any CPU
		{EFD0E1A9-B766-4CFA-A352-3906F4A8A60E}.Release|Any CPU.Build.0 = Release|Any CPU
		{9F495892-3361-47F4-982B-20171155932B}.Debug|Any CPU.ActiveCfg = Debug|Any CPU
		{9F495892-3361-47F4-982B-20171155932B}.Debug|Any CPU.Build.0 = Debug|Any CPU
		{9F495892-3361-47F4-982B-20171155932B}.Release|Any CPU.ActiveCfg = Release|Any CPU
		{9F495892-3361-47F4-982B-20171155932B}.Release|Any CPU.Build.0 = Release|Any CPU
		{C8BBC6BE-7359-4E50-8196-D239759965EA}.Debug|Any CPU.ActiveCfg = Debug|Any CPU
		{C8BBC6BE-7359-4E50-8196-D239759965EA}.Debug|Any CPU.Build.0 = Debug|Any CPU
		{C8BBC6BE-7359-4E50-8196-D239759965EA}.Release|Any CPU.ActiveCfg = Release|Any CPU
		{C8BBC6BE-7359-4E50-8196-D239759965EA}.Release|Any CPU.Build.0 = Release|Any CPU
		{4B0625AF-C242-43DF-8B4F-679976981AFF}.Debug|Any CPU.ActiveCfg = Debug|Any CPU
		{4B0625AF-C242-43DF-8B4F-679976981AFF}.Debug|Any CPU.Build.0 = Debug|Any CPU
		{4B0625AF-C242-43DF-8B4F-679976981AFF}.Release|Any CPU.ActiveCfg = Release|Any CPU
		{4B0625AF-C242-43DF-8B4F-679976981AFF}.Release|Any CPU.Build.0 = Release|Any CPU
		{E2112C8B-C91A-41D3-B345-E2EBF0A742C5}.Debug|Any CPU.ActiveCfg = Debug|Any CPU
		{E2112C8B-C91A-41D3-B345-E2EBF0A742C5}.Debug|Any CPU.Build.0 = Debug|Any CPU
		{E2112C8B-C91A-41D3-B345-E2EBF0A742C5}.Release|Any CPU.ActiveCfg = Release|Any CPU
		{E2112C8B-C91A-41D3-B345-E2EBF0A742C5}.Release|Any CPU.Build.0 = Release|Any CPU
		{E26A631C-1DA8-4150-94B1-1ED6C0C8498C}.Debug|Any CPU.ActiveCfg = Debug|Any CPU
		{E26A631C-1DA8-4150-94B1-1ED6C0C8498C}.Debug|Any CPU.Build.0 = Debug|Any CPU
		{E26A631C-1DA8-4150-94B1-1ED6C0C8498C}.Release|Any CPU.ActiveCfg = Release|Any CPU
		{E26A631C-1DA8-4150-94B1-1ED6C0C8498C}.Release|Any CPU.Build.0 = Release|Any CPU
		{CB65A6FB-7BD5-49D9-84C6-C80A79D589A7}.Debug|Any CPU.ActiveCfg = Debug|Any CPU
		{CB65A6FB-7BD5-49D9-84C6-C80A79D589A7}.Debug|Any CPU.Build.0 = Debug|Any CPU
		{CB65A6FB-7BD5-49D9-84C6-C80A79D589A7}.Release|Any CPU.ActiveCfg = Release|Any CPU
		{CB65A6FB-7BD5-49D9-84C6-C80A79D589A7}.Release|Any CPU.Build.0 = Release|Any CPU
		{5BB849E6-80E9-4813-9497-18AED35784C3}.Debug|Any CPU.ActiveCfg = Debug|Any CPU
		{5BB849E6-80E9-4813-9497-18AED35784C3}.Debug|Any CPU.Build.0 = Debug|Any CPU
		{5BB849E6-80E9-4813-9497-18AED35784C3}.Release|Any CPU.ActiveCfg = Release|Any CPU
		{5BB849E6-80E9-4813-9497-18AED35784C3}.Release|Any CPU.Build.0 = Release|Any CPU
		{1E22EF1D-5B68-4623-AC8A-5984AC4DDC13}.Debug|Any CPU.ActiveCfg = Debug|Any CPU
		{1E22EF1D-5B68-4623-AC8A-5984AC4DDC13}.Debug|Any CPU.Build.0 = Debug|Any CPU
		{1E22EF1D-5B68-4623-AC8A-5984AC4DDC13}.Release|Any CPU.ActiveCfg = Release|Any CPU
		{1E22EF1D-5B68-4623-AC8A-5984AC4DDC13}.Release|Any CPU.Build.0 = Release|Any CPU
		{62C84C70-BC67-49B4-A568-B63E98454AF4}.Debug|Any CPU.ActiveCfg = Debug|Any CPU
		{62C84C70-BC67-49B4-A568-B63E98454AF4}.Debug|Any CPU.Build.0 = Debug|Any CPU
		{62C84C70-BC67-49B4-A568-B63E98454AF4}.Release|Any CPU.ActiveCfg = Release|Any CPU
		{62C84C70-BC67-49B4-A568-B63E98454AF4}.Release|Any CPU.Build.0 = Release|Any CPU
		{2B9CD76F-D529-4D14-8D44-36ACE6A6FADB}.Debug|Any CPU.ActiveCfg = Debug|Any CPU
		{2B9CD76F-D529-4D14-8D44-36ACE6A6FADB}.Debug|Any CPU.Build.0 = Debug|Any CPU
		{2B9CD76F-D529-4D14-8D44-36ACE6A6FADB}.Release|Any CPU.ActiveCfg = Release|Any CPU
		{2B9CD76F-D529-4D14-8D44-36ACE6A6FADB}.Release|Any CPU.Build.0 = Release|Any CPU
		{7AAC68FD-6E39-488C-9E63-B52C6CD7F41E}.Debug|Any CPU.ActiveCfg = Debug|Any CPU
		{7AAC68FD-6E39-488C-9E63-B52C6CD7F41E}.Debug|Any CPU.Build.0 = Debug|Any CPU
		{7AAC68FD-6E39-488C-9E63-B52C6CD7F41E}.Release|Any CPU.ActiveCfg = Release|Any CPU
		{7AAC68FD-6E39-488C-9E63-B52C6CD7F41E}.Release|Any CPU.Build.0 = Release|Any CPU
		{CD1C48EF-AE5C-44E9-83D9-8323117A0B7B}.Debug|Any CPU.ActiveCfg = Debug|Any CPU
		{CD1C48EF-AE5C-44E9-83D9-8323117A0B7B}.Debug|Any CPU.Build.0 = Debug|Any CPU
		{CD1C48EF-AE5C-44E9-83D9-8323117A0B7B}.Release|Any CPU.ActiveCfg = Release|Any CPU
		{CD1C48EF-AE5C-44E9-83D9-8323117A0B7B}.Release|Any CPU.Build.0 = Release|Any CPU
		{75BC6D54-59EA-4BA8-B9F5-B427A915D1A6}.Debug|Any CPU.ActiveCfg = Debug|Any CPU
		{75BC6D54-59EA-4BA8-B9F5-B427A915D1A6}.Debug|Any CPU.Build.0 = Debug|Any CPU
		{75BC6D54-59EA-4BA8-B9F5-B427A915D1A6}.Release|Any CPU.ActiveCfg = Release|Any CPU
		{75BC6D54-59EA-4BA8-B9F5-B427A915D1A6}.Release|Any CPU.Build.0 = Release|Any CPU
		{F8E50B74-6A80-4D32-8925-0F27AE5969DB}.Debug|Any CPU.ActiveCfg = Debug|Any CPU
		{F8E50B74-6A80-4D32-8925-0F27AE5969DB}.Debug|Any CPU.Build.0 = Debug|Any CPU
		{F8E50B74-6A80-4D32-8925-0F27AE5969DB}.Release|Any CPU.ActiveCfg = Release|Any CPU
		{F8E50B74-6A80-4D32-8925-0F27AE5969DB}.Release|Any CPU.Build.0 = Release|Any CPU
		{9FB4845B-4ADF-459E-807B-0640869EB6FA}.Debug|Any CPU.ActiveCfg = Debug|Any CPU
		{9FB4845B-4ADF-459E-807B-0640869EB6FA}.Debug|Any CPU.Build.0 = Debug|Any CPU
		{9FB4845B-4ADF-459E-807B-0640869EB6FA}.Release|Any CPU.ActiveCfg = Release|Any CPU
		{9FB4845B-4ADF-459E-807B-0640869EB6FA}.Release|Any CPU.Build.0 = Release|Any CPU
		{151D813D-BF5B-40A8-84A8-EAEB25E0FCBC}.Debug|Any CPU.ActiveCfg = Debug|Any CPU
		{151D813D-BF5B-40A8-84A8-EAEB25E0FCBC}.Debug|Any CPU.Build.0 = Debug|Any CPU
		{151D813D-BF5B-40A8-84A8-EAEB25E0FCBC}.Release|Any CPU.ActiveCfg = Release|Any CPU
		{151D813D-BF5B-40A8-84A8-EAEB25E0FCBC}.Release|Any CPU.Build.0 = Release|Any CPU
		{601C87F4-ADB2-4704-A538-E90EC04DED08}.Debug|Any CPU.ActiveCfg = Debug|Any CPU
		{601C87F4-ADB2-4704-A538-E90EC04DED08}.Debug|Any CPU.Build.0 = Debug|Any CPU
		{601C87F4-ADB2-4704-A538-E90EC04DED08}.Release|Any CPU.ActiveCfg = Release|Any CPU
		{601C87F4-ADB2-4704-A538-E90EC04DED08}.Release|Any CPU.Build.0 = Release|Any CPU
		{C5925E4A-1485-4B0A-95D4-7279CA34616E}.Debug|Any CPU.ActiveCfg = Debug|Any CPU
		{C5925E4A-1485-4B0A-95D4-7279CA34616E}.Debug|Any CPU.Build.0 = Debug|Any CPU
		{C5925E4A-1485-4B0A-95D4-7279CA34616E}.Release|Any CPU.ActiveCfg = Release|Any CPU
		{C5925E4A-1485-4B0A-95D4-7279CA34616E}.Release|Any CPU.Build.0 = Release|Any CPU
		{003D730E-2EE9-4D07-9B16-A3EA9AD6BABC}.Debug|Any CPU.ActiveCfg = Debug|Any CPU
		{003D730E-2EE9-4D07-9B16-A3EA9AD6BABC}.Debug|Any CPU.Build.0 = Debug|Any CPU
		{003D730E-2EE9-4D07-9B16-A3EA9AD6BABC}.Release|Any CPU.ActiveCfg = Release|Any CPU
		{003D730E-2EE9-4D07-9B16-A3EA9AD6BABC}.Release|Any CPU.Build.0 = Release|Any CPU
		{D1D5AA89-5068-4137-9513-3C7873F0CB0C}.Debug|Any CPU.ActiveCfg = Debug|Any CPU
		{D1D5AA89-5068-4137-9513-3C7873F0CB0C}.Debug|Any CPU.Build.0 = Debug|Any CPU
		{D1D5AA89-5068-4137-9513-3C7873F0CB0C}.Release|Any CPU.ActiveCfg = Release|Any CPU
		{D1D5AA89-5068-4137-9513-3C7873F0CB0C}.Release|Any CPU.Build.0 = Release|Any CPU
		{0B1269EE-5E60-426F-94B7-6F640EE7FCC8}.Debug|Any CPU.ActiveCfg = Debug|Any CPU
		{0B1269EE-5E60-426F-94B7-6F640EE7FCC8}.Debug|Any CPU.Build.0 = Debug|Any CPU
		{0B1269EE-5E60-426F-94B7-6F640EE7FCC8}.Release|Any CPU.ActiveCfg = Release|Any CPU
		{0B1269EE-5E60-426F-94B7-6F640EE7FCC8}.Release|Any CPU.Build.0 = Release|Any CPU
		{7F9F9AA6-8EC8-4BFD-8B05-E6D013740AC7}.Debug|Any CPU.ActiveCfg = Debug|Any CPU
		{7F9F9AA6-8EC8-4BFD-8B05-E6D013740AC7}.Debug|Any CPU.Build.0 = Debug|Any CPU
		{7F9F9AA6-8EC8-4BFD-8B05-E6D013740AC7}.Release|Any CPU.ActiveCfg = Release|Any CPU
		{7F9F9AA6-8EC8-4BFD-8B05-E6D013740AC7}.Release|Any CPU.Build.0 = Release|Any CPU
		{FA8A90DF-93B0-4114-841C-62D9AEDCE302}.Debug|Any CPU.ActiveCfg = Debug|Any CPU
		{FA8A90DF-93B0-4114-841C-62D9AEDCE302}.Debug|Any CPU.Build.0 = Debug|Any CPU
		{FA8A90DF-93B0-4114-841C-62D9AEDCE302}.Release|Any CPU.ActiveCfg = Release|Any CPU
		{FA8A90DF-93B0-4114-841C-62D9AEDCE302}.Release|Any CPU.Build.0 = Release|Any CPU
		{5F0F1DEC-B14F-468F-8F2E-64F9DE3A19ED}.Debug|Any CPU.ActiveCfg = Debug|Any CPU
		{5F0F1DEC-B14F-468F-8F2E-64F9DE3A19ED}.Debug|Any CPU.Build.0 = Debug|Any CPU
		{5F0F1DEC-B14F-468F-8F2E-64F9DE3A19ED}.Release|Any CPU.ActiveCfg = Release|Any CPU
		{5F0F1DEC-B14F-468F-8F2E-64F9DE3A19ED}.Release|Any CPU.Build.0 = Release|Any CPU
		{D91F93FE-5B99-4FE2-B4D2-5317FD4F645E}.Debug|Any CPU.ActiveCfg = Debug|Any CPU
		{D91F93FE-5B99-4FE2-B4D2-5317FD4F645E}.Debug|Any CPU.Build.0 = Debug|Any CPU
		{D91F93FE-5B99-4FE2-B4D2-5317FD4F645E}.Release|Any CPU.ActiveCfg = Release|Any CPU
		{D91F93FE-5B99-4FE2-B4D2-5317FD4F645E}.Release|Any CPU.Build.0 = Release|Any CPU
		{9DA3D3F6-5EC8-4BC9-A1BC-D95517982F9A}.Debug|Any CPU.ActiveCfg = Debug|Any CPU
		{9DA3D3F6-5EC8-4BC9-A1BC-D95517982F9A}.Debug|Any CPU.Build.0 = Debug|Any CPU
		{9DA3D3F6-5EC8-4BC9-A1BC-D95517982F9A}.Release|Any CPU.ActiveCfg = Release|Any CPU
		{9DA3D3F6-5EC8-4BC9-A1BC-D95517982F9A}.Release|Any CPU.Build.0 = Release|Any CPU
		{D7FB33E0-2850-4475-9208-A301633F2EC8}.Debug|Any CPU.ActiveCfg = Debug|Any CPU
		{D7FB33E0-2850-4475-9208-A301633F2EC8}.Debug|Any CPU.Build.0 = Debug|Any CPU
		{D7FB33E0-2850-4475-9208-A301633F2EC8}.Release|Any CPU.ActiveCfg = Release|Any CPU
		{D7FB33E0-2850-4475-9208-A301633F2EC8}.Release|Any CPU.Build.0 = Release|Any CPU
		{E0167574-0ACC-4AA1-8BF8-22440E91A737}.Debug|Any CPU.ActiveCfg = Debug|Any CPU
		{E0167574-0ACC-4AA1-8BF8-22440E91A737}.Debug|Any CPU.Build.0 = Debug|Any CPU
		{E0167574-0ACC-4AA1-8BF8-22440E91A737}.Release|Any CPU.ActiveCfg = Release|Any CPU
		{E0167574-0ACC-4AA1-8BF8-22440E91A737}.Release|Any CPU.Build.0 = Release|Any CPU
		{3416A146-0D92-4C51-AC8D-C67BB788417A}.Debug|Any CPU.ActiveCfg = Debug|Any CPU
		{3416A146-0D92-4C51-AC8D-C67BB788417A}.Debug|Any CPU.Build.0 = Debug|Any CPU
		{3416A146-0D92-4C51-AC8D-C67BB788417A}.Release|Any CPU.ActiveCfg = Release|Any CPU
		{3416A146-0D92-4C51-AC8D-C67BB788417A}.Release|Any CPU.Build.0 = Release|Any CPU
		{9E659B39-C0ED-475E-B637-2DA851217BF5}.Debug|Any CPU.ActiveCfg = Debug|Any CPU
		{9E659B39-C0ED-475E-B637-2DA851217BF5}.Debug|Any CPU.Build.0 = Debug|Any CPU
		{9E659B39-C0ED-475E-B637-2DA851217BF5}.Release|Any CPU.ActiveCfg = Release|Any CPU
		{9E659B39-C0ED-475E-B637-2DA851217BF5}.Release|Any CPU.Build.0 = Release|Any CPU
		{F7AA8BCE-C24B-4965-AE72-8D1FBF0AC80A}.Debug|Any CPU.ActiveCfg = Debug|Any CPU
		{F7AA8BCE-C24B-4965-AE72-8D1FBF0AC80A}.Debug|Any CPU.Build.0 = Debug|Any CPU
		{F7AA8BCE-C24B-4965-AE72-8D1FBF0AC80A}.Release|Any CPU.ActiveCfg = Release|Any CPU
		{F7AA8BCE-C24B-4965-AE72-8D1FBF0AC80A}.Release|Any CPU.Build.0 = Release|Any CPU
		{FC01F1CA-F4E1-4DE6-B7B5-80258AE32AF6}.Debug|Any CPU.ActiveCfg = Debug|Any CPU
		{FC01F1CA-F4E1-4DE6-B7B5-80258AE32AF6}.Debug|Any CPU.Build.0 = Debug|Any CPU
		{FC01F1CA-F4E1-4DE6-B7B5-80258AE32AF6}.Release|Any CPU.ActiveCfg = Release|Any CPU
		{FC01F1CA-F4E1-4DE6-B7B5-80258AE32AF6}.Release|Any CPU.Build.0 = Release|Any CPU
		{CB5DB0CE-3E84-4DB0-8D5E-90D0547FB0DC}.Debug|Any CPU.ActiveCfg = Debug|Any CPU
		{CB5DB0CE-3E84-4DB0-8D5E-90D0547FB0DC}.Debug|Any CPU.Build.0 = Debug|Any CPU
		{CB5DB0CE-3E84-4DB0-8D5E-90D0547FB0DC}.Release|Any CPU.ActiveCfg = Release|Any CPU
		{CB5DB0CE-3E84-4DB0-8D5E-90D0547FB0DC}.Release|Any CPU.Build.0 = Release|Any CPU
		{B219437B-FC24-4A1A-80F0-7D6EA92E3125}.Debug|Any CPU.ActiveCfg = Debug|Any CPU
		{B219437B-FC24-4A1A-80F0-7D6EA92E3125}.Debug|Any CPU.Build.0 = Debug|Any CPU
		{B219437B-FC24-4A1A-80F0-7D6EA92E3125}.Release|Any CPU.ActiveCfg = Release|Any CPU
		{B219437B-FC24-4A1A-80F0-7D6EA92E3125}.Release|Any CPU.Build.0 = Release|Any CPU
		{3A5A7A6A-E8C7-409F-8C14-E17CBC0F178F}.Debug|Any CPU.ActiveCfg = Debug|Any CPU
		{3A5A7A6A-E8C7-409F-8C14-E17CBC0F178F}.Debug|Any CPU.Build.0 = Debug|Any CPU
		{3A5A7A6A-E8C7-409F-8C14-E17CBC0F178F}.Release|Any CPU.ActiveCfg = Release|Any CPU
		{3A5A7A6A-E8C7-409F-8C14-E17CBC0F178F}.Release|Any CPU.Build.0 = Release|Any CPU
		{929C92E5-DBD4-4B59-8C67-2CA3B4795EC1}.Debug|Any CPU.ActiveCfg = Debug|Any CPU
		{929C92E5-DBD4-4B59-8C67-2CA3B4795EC1}.Debug|Any CPU.Build.0 = Debug|Any CPU
		{929C92E5-DBD4-4B59-8C67-2CA3B4795EC1}.Release|Any CPU.ActiveCfg = Release|Any CPU
		{929C92E5-DBD4-4B59-8C67-2CA3B4795EC1}.Release|Any CPU.Build.0 = Release|Any CPU
		{C9330C95-917A-4DE6-B7F8-E3061B6E2401}.Debug|Any CPU.ActiveCfg = Debug|Any CPU
		{C9330C95-917A-4DE6-B7F8-E3061B6E2401}.Debug|Any CPU.Build.0 = Debug|Any CPU
		{C9330C95-917A-4DE6-B7F8-E3061B6E2401}.Release|Any CPU.ActiveCfg = Release|Any CPU
		{C9330C95-917A-4DE6-B7F8-E3061B6E2401}.Release|Any CPU.Build.0 = Release|Any CPU
		{A53D2F4B-BE05-4C32-B33C-849BCF0F5687}.Debug|Any CPU.ActiveCfg = Debug|Any CPU
		{A53D2F4B-BE05-4C32-B33C-849BCF0F5687}.Debug|Any CPU.Build.0 = Debug|Any CPU
		{A53D2F4B-BE05-4C32-B33C-849BCF0F5687}.Release|Any CPU.ActiveCfg = Release|Any CPU
		{A53D2F4B-BE05-4C32-B33C-849BCF0F5687}.Release|Any CPU.Build.0 = Release|Any CPU
		{75FF9B03-C317-403B-B371-B682775941CE}.Debug|Any CPU.ActiveCfg = Debug|Any CPU
		{75FF9B03-C317-403B-B371-B682775941CE}.Debug|Any CPU.Build.0 = Debug|Any CPU
		{75FF9B03-C317-403B-B371-B682775941CE}.Release|Any CPU.ActiveCfg = Release|Any CPU
		{75FF9B03-C317-403B-B371-B682775941CE}.Release|Any CPU.Build.0 = Release|Any CPU
		{4EC160A9-FBC7-47A0-A7EC-75C79DEC7CDF}.Debug|Any CPU.ActiveCfg = Debug|Any CPU
		{4EC160A9-FBC7-47A0-A7EC-75C79DEC7CDF}.Debug|Any CPU.Build.0 = Debug|Any CPU
		{4EC160A9-FBC7-47A0-A7EC-75C79DEC7CDF}.Release|Any CPU.ActiveCfg = Release|Any CPU
		{4EC160A9-FBC7-47A0-A7EC-75C79DEC7CDF}.Release|Any CPU.Build.0 = Release|Any CPU
		{1CC54F42-F1B8-4BFB-9DEC-0F6DDF81B15E}.Debug|Any CPU.ActiveCfg = Debug|Any CPU
		{1CC54F42-F1B8-4BFB-9DEC-0F6DDF81B15E}.Debug|Any CPU.Build.0 = Debug|Any CPU
		{1CC54F42-F1B8-4BFB-9DEC-0F6DDF81B15E}.Release|Any CPU.ActiveCfg = Release|Any CPU
		{1CC54F42-F1B8-4BFB-9DEC-0F6DDF81B15E}.Release|Any CPU.Build.0 = Release|Any CPU
		{1A2995CE-357B-4BDC-8D1D-83D2131CE49D}.Debug|Any CPU.ActiveCfg = Debug|Any CPU
		{1A2995CE-357B-4BDC-8D1D-83D2131CE49D}.Debug|Any CPU.Build.0 = Debug|Any CPU
		{1A2995CE-357B-4BDC-8D1D-83D2131CE49D}.Release|Any CPU.ActiveCfg = Release|Any CPU
		{1A2995CE-357B-4BDC-8D1D-83D2131CE49D}.Release|Any CPU.Build.0 = Release|Any CPU
		{81723680-FF7F-4150-9F93-64174DDFCDC1}.Debug|Any CPU.ActiveCfg = Debug|Any CPU
		{81723680-FF7F-4150-9F93-64174DDFCDC1}.Debug|Any CPU.Build.0 = Debug|Any CPU
		{81723680-FF7F-4150-9F93-64174DDFCDC1}.Release|Any CPU.ActiveCfg = Release|Any CPU
		{81723680-FF7F-4150-9F93-64174DDFCDC1}.Release|Any CPU.Build.0 = Release|Any CPU
		{E5EA9324-0EBD-41D0-9898-7471A8FC1B7F}.Debug|Any CPU.ActiveCfg = Debug|Any CPU
		{E5EA9324-0EBD-41D0-9898-7471A8FC1B7F}.Debug|Any CPU.Build.0 = Debug|Any CPU
		{E5EA9324-0EBD-41D0-9898-7471A8FC1B7F}.Release|Any CPU.ActiveCfg = Release|Any CPU
		{E5EA9324-0EBD-41D0-9898-7471A8FC1B7F}.Release|Any CPU.Build.0 = Release|Any CPU
		{EEA00E9B-84E7-48D0-A621-EF915F37D5A3}.Debug|Any CPU.ActiveCfg = Debug|Any CPU
		{EEA00E9B-84E7-48D0-A621-EF915F37D5A3}.Debug|Any CPU.Build.0 = Debug|Any CPU
		{EEA00E9B-84E7-48D0-A621-EF915F37D5A3}.Release|Any CPU.ActiveCfg = Release|Any CPU
		{EEA00E9B-84E7-48D0-A621-EF915F37D5A3}.Release|Any CPU.Build.0 = Release|Any CPU
		{F8649749-99F2-4C1C-AB2D-E9447082E6FD}.Debug|Any CPU.ActiveCfg = Debug|Any CPU
		{F8649749-99F2-4C1C-AB2D-E9447082E6FD}.Debug|Any CPU.Build.0 = Debug|Any CPU
		{F8649749-99F2-4C1C-AB2D-E9447082E6FD}.Release|Any CPU.ActiveCfg = Release|Any CPU
		{F8649749-99F2-4C1C-AB2D-E9447082E6FD}.Release|Any CPU.Build.0 = Release|Any CPU
		{07BD31E5-D48E-4256-9B5A-5F721221BED9}.Debug|Any CPU.ActiveCfg = Debug|Any CPU
		{07BD31E5-D48E-4256-9B5A-5F721221BED9}.Debug|Any CPU.Build.0 = Debug|Any CPU
		{07BD31E5-D48E-4256-9B5A-5F721221BED9}.Release|Any CPU.ActiveCfg = Release|Any CPU
		{07BD31E5-D48E-4256-9B5A-5F721221BED9}.Release|Any CPU.Build.0 = Release|Any CPU
		{9B8C2BD9-B252-47A2-A30A-D514025A9958}.Debug|Any CPU.ActiveCfg = Debug|Any CPU
		{9B8C2BD9-B252-47A2-A30A-D514025A9958}.Debug|Any CPU.Build.0 = Debug|Any CPU
		{9B8C2BD9-B252-47A2-A30A-D514025A9958}.Release|Any CPU.ActiveCfg = Release|Any CPU
		{9B8C2BD9-B252-47A2-A30A-D514025A9958}.Release|Any CPU.Build.0 = Release|Any CPU
		{91911CB4-A21F-422A-BEB0-24BAE022BFF6}.Debug|Any CPU.ActiveCfg = Debug|Any CPU
		{91911CB4-A21F-422A-BEB0-24BAE022BFF6}.Debug|Any CPU.Build.0 = Debug|Any CPU
		{91911CB4-A21F-422A-BEB0-24BAE022BFF6}.Release|Any CPU.ActiveCfg = Release|Any CPU
		{91911CB4-A21F-422A-BEB0-24BAE022BFF6}.Release|Any CPU.Build.0 = Release|Any CPU
		{0767232E-3A55-4A62-B0A9-3F83A878488B}.Debug|Any CPU.ActiveCfg = Debug|Any CPU
		{0767232E-3A55-4A62-B0A9-3F83A878488B}.Debug|Any CPU.Build.0 = Debug|Any CPU
		{0767232E-3A55-4A62-B0A9-3F83A878488B}.Release|Any CPU.ActiveCfg = Release|Any CPU
		{0767232E-3A55-4A62-B0A9-3F83A878488B}.Release|Any CPU.Build.0 = Release|Any CPU
		{2A4A547F-523E-41BB-8A15-639AC628DD7C}.Debug|Any CPU.ActiveCfg = Debug|Any CPU
		{2A4A547F-523E-41BB-8A15-639AC628DD7C}.Debug|Any CPU.Build.0 = Debug|Any CPU
		{2A4A547F-523E-41BB-8A15-639AC628DD7C}.Release|Any CPU.ActiveCfg = Release|Any CPU
		{2A4A547F-523E-41BB-8A15-639AC628DD7C}.Release|Any CPU.Build.0 = Release|Any CPU
		{5A04F320-797F-49D3-878A-EDED74A91FDE}.Debug|Any CPU.ActiveCfg = Debug|Any CPU
		{5A04F320-797F-49D3-878A-EDED74A91FDE}.Debug|Any CPU.Build.0 = Debug|Any CPU
		{5A04F320-797F-49D3-878A-EDED74A91FDE}.Release|Any CPU.ActiveCfg = Release|Any CPU
		{5A04F320-797F-49D3-878A-EDED74A91FDE}.Release|Any CPU.Build.0 = Release|Any CPU
		{625E1C31-290A-44D9-8FC9-1366BD289AF9}.Debug|Any CPU.ActiveCfg = Debug|Any CPU
		{625E1C31-290A-44D9-8FC9-1366BD289AF9}.Debug|Any CPU.Build.0 = Debug|Any CPU
		{625E1C31-290A-44D9-8FC9-1366BD289AF9}.Release|Any CPU.ActiveCfg = Release|Any CPU
		{625E1C31-290A-44D9-8FC9-1366BD289AF9}.Release|Any CPU.Build.0 = Release|Any CPU
		{7D8C9202-D27B-434E-A751-581956942B4C}.Debug|Any CPU.ActiveCfg = Debug|Any CPU
		{7D8C9202-D27B-434E-A751-581956942B4C}.Debug|Any CPU.Build.0 = Debug|Any CPU
		{7D8C9202-D27B-434E-A751-581956942B4C}.Release|Any CPU.ActiveCfg = Release|Any CPU
		{7D8C9202-D27B-434E-A751-581956942B4C}.Release|Any CPU.Build.0 = Release|Any CPU
		{F0540F87-B836-4092-925E-F915F8BA5693}.Debug|Any CPU.ActiveCfg = Debug|Any CPU
		{F0540F87-B836-4092-925E-F915F8BA5693}.Debug|Any CPU.Build.0 = Debug|Any CPU
		{F0540F87-B836-4092-925E-F915F8BA5693}.Release|Any CPU.ActiveCfg = Release|Any CPU
		{F0540F87-B836-4092-925E-F915F8BA5693}.Release|Any CPU.Build.0 = Release|Any CPU
		{9B152A6D-0126-4E41-B016-CF5E4F05C0B8}.Debug|Any CPU.ActiveCfg = Debug|Any CPU
		{9B152A6D-0126-4E41-B016-CF5E4F05C0B8}.Debug|Any CPU.Build.0 = Debug|Any CPU
		{9B152A6D-0126-4E41-B016-CF5E4F05C0B8}.Release|Any CPU.ActiveCfg = Release|Any CPU
		{9B152A6D-0126-4E41-B016-CF5E4F05C0B8}.Release|Any CPU.Build.0 = Release|Any CPU
		{69E01144-77FD-4E55-ABDC-28546CE41A1A}.Debug|Any CPU.ActiveCfg = Debug|Any CPU
		{69E01144-77FD-4E55-ABDC-28546CE41A1A}.Debug|Any CPU.Build.0 = Debug|Any CPU
		{69E01144-77FD-4E55-ABDC-28546CE41A1A}.Release|Any CPU.ActiveCfg = Release|Any CPU
		{69E01144-77FD-4E55-ABDC-28546CE41A1A}.Release|Any CPU.Build.0 = Release|Any CPU
		{791A1032-93C1-460B-B882-92DD6C219A12}.Debug|Any CPU.ActiveCfg = Debug|Any CPU
		{791A1032-93C1-460B-B882-92DD6C219A12}.Debug|Any CPU.Build.0 = Debug|Any CPU
		{791A1032-93C1-460B-B882-92DD6C219A12}.Release|Any CPU.ActiveCfg = Release|Any CPU
		{791A1032-93C1-460B-B882-92DD6C219A12}.Release|Any CPU.Build.0 = Release|Any CPU
		{AFF06B36-86E2-4C74-B0C3-4517192D1245}.Debug|Any CPU.ActiveCfg = Debug|Any CPU
		{AFF06B36-86E2-4C74-B0C3-4517192D1245}.Debug|Any CPU.Build.0 = Debug|Any CPU
		{AFF06B36-86E2-4C74-B0C3-4517192D1245}.Release|Any CPU.ActiveCfg = Release|Any CPU
		{AFF06B36-86E2-4C74-B0C3-4517192D1245}.Release|Any CPU.Build.0 = Release|Any CPU
		{D47D526C-1B15-46B8-8379-6683638AF5CA}.Debug|Any CPU.ActiveCfg = Debug|Any CPU
		{D47D526C-1B15-46B8-8379-6683638AF5CA}.Debug|Any CPU.Build.0 = Debug|Any CPU
		{D47D526C-1B15-46B8-8379-6683638AF5CA}.Release|Any CPU.ActiveCfg = Release|Any CPU
		{D47D526C-1B15-46B8-8379-6683638AF5CA}.Release|Any CPU.Build.0 = Release|Any CPU
	EndGlobalSection
	GlobalSection(SolutionProperties) = preSolution
		HideSolutionNode = FALSE
	EndGlobalSection
	GlobalSection(NestedProjects) = preSolution
		{08ABBA5D-74FE-4057-A59E-FDEF261E780C} = {5DCE18A5-7AC8-4D84-8757-15FE88B99F3C}
		{83824699-8F72-4A23-8C09-86670A8B4EAE} = {5DCE18A5-7AC8-4D84-8757-15FE88B99F3C}
		{B5487A7F-3841-4CCB-B593-FCF45D27D263} = {5DCE18A5-7AC8-4D84-8757-15FE88B99F3C}
		{95A9D024-54C5-4E4B-8D62-A8F75326C1B9} = {7CDC7E3E-CA48-4121-8251-3CB049700C33}
		{91403C34-B1CA-4843-95D0-1326D3D8EFD3} = {8B43B780-5E09-4A39-9333-67D294946868}
		{40F55FCC-AC3F-4375-BA27-A37B084B9E8F} = {8B43B780-5E09-4A39-9333-67D294946868}
		{DDC7B608-AFA0-42B8-BE12-39C6AF296400} = {8B43B780-5E09-4A39-9333-67D294946868}
		{4D23FFB2-9292-403B-9D7E-436DCF58AC65} = {8B43B780-5E09-4A39-9333-67D294946868}
		{1BA15897-49A7-456C-B4E2-FFD74FF81536} = {8B43B780-5E09-4A39-9333-67D294946868}
		{DED64F66-05B7-4985-AEFF-891C8E425AD4} = {2FD2A10E-E15E-4178-9817-42D0DAEC0696}
		{B169D402-F0E5-44E0-93EB-D5809AA1638E} = {2FD2A10E-E15E-4178-9817-42D0DAEC0696}
		{5B10F0C1-204A-4FD6-AD43-E9A67D00EAD4} = {2FD2A10E-E15E-4178-9817-42D0DAEC0696}
		{7684B7BC-ADEB-44DE-8E5C-75CE3889D68F} = {2FD2A10E-E15E-4178-9817-42D0DAEC0696}
		{73BA69C7-4065-45B6-B982-1E9234AD5322} = {2FD2A10E-E15E-4178-9817-42D0DAEC0696}
		{8B67CC78-856F-4EAB-873B-826BE8C375ED} = {2FD2A10E-E15E-4178-9817-42D0DAEC0696}
		{E6D78F1D-ED85-49FC-AA57-67CF2E691F04} = {2FD2A10E-E15E-4178-9817-42D0DAEC0696}
		{ACC74344-AF0D-4D48-B815-0F99EC4EE2AB} = {126E829E-827A-48C6-9A59-E87B6BACCBB3}
		{E267969B-A6D7-43BA-97D8-501CFEEE9EA0} = {126E829E-827A-48C6-9A59-E87B6BACCBB3}
		{E558F7B1-5EB0-4895-BC26-25D9C01147F0} = {126E829E-827A-48C6-9A59-E87B6BACCBB3}
		{DC1745FD-9B02-4C12-A0F8-B1D33E4950C4} = {126E829E-827A-48C6-9A59-E87B6BACCBB3}
		{4AF61422-130C-4942-8C64-3EAD50C3D7E1} = {126E829E-827A-48C6-9A59-E87B6BACCBB3}
		{F54D9412-38E5-475F-B9B0-16D3A1E41630} = {126E829E-827A-48C6-9A59-E87B6BACCBB3}
		{5767A678-356D-4573-8981-721637E13781} = {126E829E-827A-48C6-9A59-E87B6BACCBB3}
		{99A0BE19-0E6B-4415-8620-6A4AD485A487} = {4CBD3EB8-435E-455C-9AD8-01AFE9847F61}
		{6DAE1177-81E6-43FB-B03D-0E38D5C05F30} = {4CBD3EB8-435E-455C-9AD8-01AFE9847F61}
		{61735DC1-B9EB-4701-8376-013D334FFE19} = {4CBD3EB8-435E-455C-9AD8-01AFE9847F61}
		{09A5A108-E296-4751-AE36-2DE3F0B73D1C} = {4CBD3EB8-435E-455C-9AD8-01AFE9847F61}
		{0BE7BEC1-3C9D-4554-9630-837A5A59487C} = {4CBD3EB8-435E-455C-9AD8-01AFE9847F61}
		{F18FFAA2-7A6B-4931-BDAF-15A92A6AAF3A} = {4CBD3EB8-435E-455C-9AD8-01AFE9847F61}
		{840E0B59-76DD-4808-B24E-2C0B52F0AE36} = {4CBD3EB8-435E-455C-9AD8-01AFE9847F61}
		{0FE80AE9-E388-45A2-A85A-D16640928A28} = {4CBD3EB8-435E-455C-9AD8-01AFE9847F61}
		{EFD0E1A9-B766-4CFA-A352-3906F4A8A60E} = {4CBD3EB8-435E-455C-9AD8-01AFE9847F61}
		{9F495892-3361-47F4-982B-20171155932B} = {4CBD3EB8-435E-455C-9AD8-01AFE9847F61}
		{C8BBC6BE-7359-4E50-8196-D239759965EA} = {4CBD3EB8-435E-455C-9AD8-01AFE9847F61}
		{4B0625AF-C242-43DF-8B4F-679976981AFF} = {ED48D43D-76C3-4968-9043-60868F938C74}
		{E2112C8B-C91A-41D3-B345-E2EBF0A742C5} = {ED48D43D-76C3-4968-9043-60868F938C74}
		{E26A631C-1DA8-4150-94B1-1ED6C0C8498C} = {ED48D43D-76C3-4968-9043-60868F938C74}
		{CB65A6FB-7BD5-49D9-84C6-C80A79D589A7} = {ED48D43D-76C3-4968-9043-60868F938C74}
		{5BB849E6-80E9-4813-9497-18AED35784C3} = {ED48D43D-76C3-4968-9043-60868F938C74}
		{1E22EF1D-5B68-4623-AC8A-5984AC4DDC13} = {ED48D43D-76C3-4968-9043-60868F938C74}
		{62C84C70-BC67-49B4-A568-B63E98454AF4} = {ED48D43D-76C3-4968-9043-60868F938C74}
		{2B9CD76F-D529-4D14-8D44-36ACE6A6FADB} = {ED48D43D-76C3-4968-9043-60868F938C74}
		{7AAC68FD-6E39-488C-9E63-B52C6CD7F41E} = {ED48D43D-76C3-4968-9043-60868F938C74}
		{CD1C48EF-AE5C-44E9-83D9-8323117A0B7B} = {BB145189-B3E4-4FED-B9CA-FC1969D588BB}
		{75BC6D54-59EA-4BA8-B9F5-B427A915D1A6} = {5C957C87-FB36-4151-84DB-9089A45037A3}
		{F8E50B74-6A80-4D32-8925-0F27AE5969DB} = {BB145189-B3E4-4FED-B9CA-FC1969D588BB}
		{9FB4845B-4ADF-459E-807B-0640869EB6FA} = {BB145189-B3E4-4FED-B9CA-FC1969D588BB}
		{151D813D-BF5B-40A8-84A8-EAEB25E0FCBC} = {5C957C87-FB36-4151-84DB-9089A45037A3}
		{601C87F4-ADB2-4704-A538-E90EC04DED08} = {BB145189-B3E4-4FED-B9CA-FC1969D588BB}
		{C5925E4A-1485-4B0A-95D4-7279CA34616E} = {5C957C87-FB36-4151-84DB-9089A45037A3}
		{003D730E-2EE9-4D07-9B16-A3EA9AD6BABC} = {5C957C87-FB36-4151-84DB-9089A45037A3}
		{D1D5AA89-5068-4137-9513-3C7873F0CB0C} = {5C957C87-FB36-4151-84DB-9089A45037A3}
		{0B1269EE-5E60-426F-94B7-6F640EE7FCC8} = {5C957C87-FB36-4151-84DB-9089A45037A3}
		{7F9F9AA6-8EC8-4BFD-8B05-E6D013740AC7} = {5C957C87-FB36-4151-84DB-9089A45037A3}
		{FA8A90DF-93B0-4114-841C-62D9AEDCE302} = {5C957C87-FB36-4151-84DB-9089A45037A3}
		{5F0F1DEC-B14F-468F-8F2E-64F9DE3A19ED} = {CEF2E704-748B-4B0F-B687-163F6B64741C}
		{D91F93FE-5B99-4FE2-B4D2-5317FD4F645E} = {CEF2E704-748B-4B0F-B687-163F6B64741C}
		{9DA3D3F6-5EC8-4BC9-A1BC-D95517982F9A} = {A480652B-37D8-4C48-8405-456CBEE68297}
		{D7FB33E0-2850-4475-9208-A301633F2EC8} = {A480652B-37D8-4C48-8405-456CBEE68297}
		{E0167574-0ACC-4AA1-8BF8-22440E91A737} = {A480652B-37D8-4C48-8405-456CBEE68297}
		{3416A146-0D92-4C51-AC8D-C67BB788417A} = {A480652B-37D8-4C48-8405-456CBEE68297}
		{9E659B39-C0ED-475E-B637-2DA851217BF5} = {A480652B-37D8-4C48-8405-456CBEE68297}
		{F7AA8BCE-C24B-4965-AE72-8D1FBF0AC80A} = {A480652B-37D8-4C48-8405-456CBEE68297}
		{FC01F1CA-F4E1-4DE6-B7B5-80258AE32AF6} = {A480652B-37D8-4C48-8405-456CBEE68297}
		{CB5DB0CE-3E84-4DB0-8D5E-90D0547FB0DC} = {A480652B-37D8-4C48-8405-456CBEE68297}
		{B219437B-FC24-4A1A-80F0-7D6EA92E3125} = {A480652B-37D8-4C48-8405-456CBEE68297}
		{3A5A7A6A-E8C7-409F-8C14-E17CBC0F178F} = {A480652B-37D8-4C48-8405-456CBEE68297}
		{929C92E5-DBD4-4B59-8C67-2CA3B4795EC1} = {A480652B-37D8-4C48-8405-456CBEE68297}
		{C9330C95-917A-4DE6-B7F8-E3061B6E2401} = {B8403B2F-F732-4F70-8B98-EE2D3BD15F81}
		{A53D2F4B-BE05-4C32-B33C-849BCF0F5687} = {B8403B2F-F732-4F70-8B98-EE2D3BD15F81}
		{75FF9B03-C317-403B-B371-B682775941CE} = {B8403B2F-F732-4F70-8B98-EE2D3BD15F81}
		{4EC160A9-FBC7-47A0-A7EC-75C79DEC7CDF} = {B8403B2F-F732-4F70-8B98-EE2D3BD15F81}
		{1CC54F42-F1B8-4BFB-9DEC-0F6DDF81B15E} = {B8403B2F-F732-4F70-8B98-EE2D3BD15F81}
		{1A2995CE-357B-4BDC-8D1D-83D2131CE49D} = {326CB333-D120-487B-845C-F350038DFC76}
		{81723680-FF7F-4150-9F93-64174DDFCDC1} = {326CB333-D120-487B-845C-F350038DFC76}
		{EEA00E9B-84E7-48D0-A621-EF915F37D5A3} = {326CB333-D120-487B-845C-F350038DFC76}
		{F8649749-99F2-4C1C-AB2D-E9447082E6FD} = {326CB333-D120-487B-845C-F350038DFC76}
		{07BD31E5-D48E-4256-9B5A-5F721221BED9} = {3F2EFAC7-6213-4643-B828-45E607D646C1}
		{9B8C2BD9-B252-47A2-A30A-D514025A9958} = {3F2EFAC7-6213-4643-B828-45E607D646C1}
		{91911CB4-A21F-422A-BEB0-24BAE022BFF6} = {3F2EFAC7-6213-4643-B828-45E607D646C1}
		{0767232E-3A55-4A62-B0A9-3F83A878488B} = {3F2EFAC7-6213-4643-B828-45E607D646C1}
		{2A4A547F-523E-41BB-8A15-639AC628DD7C} = {4BB30918-5DB3-4494-BD28-49FE5CDFCD34}
		{5A04F320-797F-49D3-878A-EDED74A91FDE} = {32D31AB8-1C24-4A90-9650-A4ECA47E5CE5}
		{625E1C31-290A-44D9-8FC9-1366BD289AF9} = {7C7FDB40-74AD-4A16-A9B4-FBD0C71F0865}
		{7D8C9202-D27B-434E-A751-581956942B4C} = {7C7FDB40-74AD-4A16-A9B4-FBD0C71F0865}
		{F0540F87-B836-4092-925E-F915F8BA5693} = {7C7FDB40-74AD-4A16-A9B4-FBD0C71F0865}
		{9B152A6D-0126-4E41-B016-CF5E4F05C0B8} = {4A695795-B2D1-4389-80CB-8889FF2631A0}
		{69E01144-77FD-4E55-ABDC-28546CE41A1A} = {C05F4191-6E8E-4AF6-845A-32FF2DF5E1E4}
		{791A1032-93C1-460B-B882-92DD6C219A12} = {C05F4191-6E8E-4AF6-845A-32FF2DF5E1E4}
		{AFF06B36-86E2-4C74-B0C3-4517192D1245} = {32D31AB8-1C24-4A90-9650-A4ECA47E5CE5}
		{D47D526C-1B15-46B8-8379-6683638AF5CA} = {C05F4191-6E8E-4AF6-845A-32FF2DF5E1E4}
	EndGlobalSection
	GlobalSection(ExtensibilityGlobals) = postSolution
		SolutionGuid = {E6AA61C3-F0E9-491F-888D-34B0ECDC85F2}
	EndGlobalSection
EndGlobal
